{
  "name": "noona",
  "version": "1.0.0",
  "lockfileVersion": 3,
  "requires": true,
  "author": "Your Name",
  "description": "This is a sample project",
  "license": "ISC",
  "main": "index.js",
  "packages": {
    "": {
      "name": "noona",
      "version": "1.0.0",
      "license": "ISC"
    }
  },
  "devDependencies": {
    "@babel/core": "^7.20.0",
    "jest": "^29.4.3"
  },
  "engines": {
    "node": "18.x"
  },
  "scripts": {
    "build": "react-scripts build",
    "eject": "react-scripts eject",
    "start": "node index.js",
    "test": "react-scripts test"
  }
}
